// !$*UTF8*$!
{
	archiveVersion = 1;
	classes = {
	};
	objectVersion = 52;
	objects = {

/* Begin PBXBuildFile section */
		DA1B001DF25293DA65A2C83A /* Pods_SocialNetwork.framework in Frameworks */ = {isa = PBXBuildFile; fileRef = BC6F2D00797E638E458C15C0 /* Pods_SocialNetwork.framework */; };
		F01F563725852B61007A6AFA /* FriendsViewController.swift in Sources */ = {isa = PBXBuildFile; fileRef = F01F563625852B61007A6AFA /* FriendsViewController.swift */; };
		F01F563B25852B93007A6AFA /* FriendsTableCell.swift in Sources */ = {isa = PBXBuildFile; fileRef = F01F563A25852B93007A6AFA /* FriendsTableCell.swift */; };
		F01F563F25852F8B007A6AFA /* GroupViewController.swift in Sources */ = {isa = PBXBuildFile; fileRef = F01F563E25852F8B007A6AFA /* GroupViewController.swift */; };
		F01F564325852FBB007A6AFA /* GroupTableCell.swift in Sources */ = {isa = PBXBuildFile; fileRef = F01F564225852FBB007A6AFA /* GroupTableCell.swift */; };
		F04B97BB25C43DB8002282D9 /* Session.swift in Sources */ = {isa = PBXBuildFile; fileRef = F04B97BA25C43DB8002282D9 /* Session.swift */; };
		F059E2B025793EB30041282B /* AppDelegate.swift in Sources */ = {isa = PBXBuildFile; fileRef = F059E2AF25793EB30041282B /* AppDelegate.swift */; };
		F059E2B225793EB30041282B /* SceneDelegate.swift in Sources */ = {isa = PBXBuildFile; fileRef = F059E2B125793EB30041282B /* SceneDelegate.swift */; };
		F059E2B425793EB30041282B /* ViewController.swift in Sources */ = {isa = PBXBuildFile; fileRef = F059E2B325793EB30041282B /* ViewController.swift */; };
		F059E2B725793EB30041282B /* Main.storyboard in Resources */ = {isa = PBXBuildFile; fileRef = F059E2B525793EB30041282B /* Main.storyboard */; };
		F059E2B925793EB30041282B /* Assets.xcassets in Resources */ = {isa = PBXBuildFile; fileRef = F059E2B825793EB30041282B /* Assets.xcassets */; };
		F059E2BC25793EB30041282B /* LaunchScreen.storyboard in Resources */ = {isa = PBXBuildFile; fileRef = F059E2BA25793EB30041282B /* LaunchScreen.storyboard */; };
		F07A87562593838600C0FD6A /* NewsViewController.swift in Sources */ = {isa = PBXBuildFile; fileRef = F07A87552593838600C0FD6A /* NewsViewController.swift */; };
		F07A875A2593839D00C0FD6A /* NewsCell.swift in Sources */ = {isa = PBXBuildFile; fileRef = F07A87592593839D00C0FD6A /* NewsCell.swift */; };
		F07A875D25938C3D00C0FD6A /* NewsStruct.swift in Sources */ = {isa = PBXBuildFile; fileRef = F07A875C25938C3D00C0FD6A /* NewsStruct.swift */; };
		F098283725C87D8A00DE0DFD /* WebView.swift in Sources */ = {isa = PBXBuildFile; fileRef = F098283625C87D8A00DE0DFD /* WebView.swift */; };
		F09F382925CD850F001C9A55 /* NetworkManager.swift in Sources */ = {isa = PBXBuildFile; fileRef = F09F382825CD850F001C9A55 /* NetworkManager.swift */; };
		F0AE4C9725DC3ABE00472D23 /* Realm in Frameworks */ = {isa = PBXBuildFile; productRef = F0AE4C9625DC3ABE00472D23 /* Realm */; };
		F0AE4C9925DC3ABE00472D23 /* RealmSwift in Frameworks */ = {isa = PBXBuildFile; productRef = F0AE4C9825DC3ABE00472D23 /* RealmSwift */; };
		F0C5F5AB25A77F7500038689 /* User.swift in Sources */ = {isa = PBXBuildFile; fileRef = F0C5F5AA25A77F7500038689 /* User.swift */; };
		F0C5F5AF25A77F8300038689 /* Group.swift in Sources */ = {isa = PBXBuildFile; fileRef = F0C5F5AE25A77F8300038689 /* Group.swift */; };
		F0C89732258540BA005CA8B7 /* RecommendGroupViewController.swift in Sources */ = {isa = PBXBuildFile; fileRef = F0C89731258540BA005CA8B7 /* RecommendGroupViewController.swift */; };
		F0C89736258540DB005CA8B7 /* RecommendTableCell.swift in Sources */ = {isa = PBXBuildFile; fileRef = F0C89735258540DB005CA8B7 /* RecommendTableCell.swift */; };
		F0D82EDF25853E3F0023A3FE /* PhotoCollectionController.swift in Sources */ = {isa = PBXBuildFile; fileRef = F0D82EDE25853E3F0023A3FE /* PhotoCollectionController.swift */; };
		F0D82EE225853E610023A3FE /* PhotoCollectionCell.swift in Sources */ = {isa = PBXBuildFile; fileRef = F0D82EE125853E610023A3FE /* PhotoCollectionCell.swift */; };
		F0E8EEF625E922A3008B230F /* APIResponse.swift in Sources */ = {isa = PBXBuildFile; fileRef = F0E8EEF525E922A3008B230F /* APIResponse.swift */; };
		F0E8EEF925E92623008B230F /* DatabaseUser.swift in Sources */ = {isa = PBXBuildFile; fileRef = F0E8EEF825E92623008B230F /* DatabaseUser.swift */; };
		F0E8EEFE25E93C47008B230F /* DatabaseGroup.swift in Sources */ = {isa = PBXBuildFile; fileRef = F0E8EEFD25E93C47008B230F /* DatabaseGroup.swift */; };
/* End PBXBuildFile section */

/* Begin PBXFileReference section */
		7386F98D7CBD0FD2B50DE5DD /* Pods-SocialNetwork.release.xcconfig */ = {isa = PBXFileReference; includeInIndex = 1; lastKnownFileType = text.xcconfig; name = "Pods-SocialNetwork.release.xcconfig"; path = "Target Support Files/Pods-SocialNetwork/Pods-SocialNetwork.release.xcconfig"; sourceTree = "<group>"; };
		7987D8292285E452A5FA5D30 /* Pods-SocialNetwork.debug.xcconfig */ = {isa = PBXFileReference; includeInIndex = 1; lastKnownFileType = text.xcconfig; name = "Pods-SocialNetwork.debug.xcconfig"; path = "Target Support Files/Pods-SocialNetwork/Pods-SocialNetwork.debug.xcconfig"; sourceTree = "<group>"; };
		BC6F2D00797E638E458C15C0 /* Pods_SocialNetwork.framework */ = {isa = PBXFileReference; explicitFileType = wrapper.framework; includeInIndex = 0; path = Pods_SocialNetwork.framework; sourceTree = BUILT_PRODUCTS_DIR; };
		F01F563625852B61007A6AFA /* FriendsViewController.swift */ = {isa = PBXFileReference; lastKnownFileType = sourcecode.swift; path = FriendsViewController.swift; sourceTree = "<group>"; };
		F01F563A25852B93007A6AFA /* FriendsTableCell.swift */ = {isa = PBXFileReference; lastKnownFileType = sourcecode.swift; path = FriendsTableCell.swift; sourceTree = "<group>"; };
		F01F563E25852F8B007A6AFA /* GroupViewController.swift */ = {isa = PBXFileReference; lastKnownFileType = sourcecode.swift; path = GroupViewController.swift; sourceTree = "<group>"; };
		F01F564225852FBB007A6AFA /* GroupTableCell.swift */ = {isa = PBXFileReference; lastKnownFileType = sourcecode.swift; path = GroupTableCell.swift; sourceTree = "<group>"; };
		F04B97BA25C43DB8002282D9 /* Session.swift */ = {isa = PBXFileReference; lastKnownFileType = sourcecode.swift; path = Session.swift; sourceTree = "<group>"; };
		F059E2AC25793EB30041282B /* SocialNetwork.app */ = {isa = PBXFileReference; explicitFileType = wrapper.application; includeInIndex = 0; path = SocialNetwork.app; sourceTree = BUILT_PRODUCTS_DIR; };
		F059E2AF25793EB30041282B /* AppDelegate.swift */ = {isa = PBXFileReference; lastKnownFileType = sourcecode.swift; path = AppDelegate.swift; sourceTree = "<group>"; };
		F059E2B125793EB30041282B /* SceneDelegate.swift */ = {isa = PBXFileReference; lastKnownFileType = sourcecode.swift; path = SceneDelegate.swift; sourceTree = "<group>"; };
		F059E2B325793EB30041282B /* ViewController.swift */ = {isa = PBXFileReference; lastKnownFileType = sourcecode.swift; path = ViewController.swift; sourceTree = "<group>"; };
		F059E2B625793EB30041282B /* Base */ = {isa = PBXFileReference; lastKnownFileType = file.storyboard; name = Base; path = Base.lproj/Main.storyboard; sourceTree = "<group>"; };
		F059E2B825793EB30041282B /* Assets.xcassets */ = {isa = PBXFileReference; lastKnownFileType = folder.assetcatalog; path = Assets.xcassets; sourceTree = "<group>"; };
		F059E2BB25793EB30041282B /* Base */ = {isa = PBXFileReference; lastKnownFileType = file.storyboard; name = Base; path = Base.lproj/LaunchScreen.storyboard; sourceTree = "<group>"; };
		F059E2BD25793EB30041282B /* Info.plist */ = {isa = PBXFileReference; lastKnownFileType = text.plist.xml; path = Info.plist; sourceTree = "<group>"; };
		F07A87552593838600C0FD6A /* NewsViewController.swift */ = {isa = PBXFileReference; lastKnownFileType = sourcecode.swift; path = NewsViewController.swift; sourceTree = "<group>"; };
		F07A87592593839D00C0FD6A /* NewsCell.swift */ = {isa = PBXFileReference; lastKnownFileType = sourcecode.swift; path = NewsCell.swift; sourceTree = "<group>"; };
		F07A875C25938C3D00C0FD6A /* NewsStruct.swift */ = {isa = PBXFileReference; lastKnownFileType = sourcecode.swift; path = NewsStruct.swift; sourceTree = "<group>"; };
		F098283625C87D8A00DE0DFD /* WebView.swift */ = {isa = PBXFileReference; lastKnownFileType = sourcecode.swift; path = WebView.swift; sourceTree = "<group>"; };
		F09F382825CD850F001C9A55 /* NetworkManager.swift */ = {isa = PBXFileReference; lastKnownFileType = sourcecode.swift; path = NetworkManager.swift; sourceTree = "<group>"; };
		F0C5F5AA25A77F7500038689 /* User.swift */ = {isa = PBXFileReference; lastKnownFileType = sourcecode.swift; path = User.swift; sourceTree = "<group>"; };
		F0C5F5AE25A77F8300038689 /* Group.swift */ = {isa = PBXFileReference; lastKnownFileType = sourcecode.swift; path = Group.swift; sourceTree = "<group>"; };
		F0C89731258540BA005CA8B7 /* RecommendGroupViewController.swift */ = {isa = PBXFileReference; lastKnownFileType = sourcecode.swift; path = RecommendGroupViewController.swift; sourceTree = "<group>"; };
		F0C89735258540DB005CA8B7 /* RecommendTableCell.swift */ = {isa = PBXFileReference; lastKnownFileType = sourcecode.swift; path = RecommendTableCell.swift; sourceTree = "<group>"; };
		F0D82EDE25853E3F0023A3FE /* PhotoCollectionController.swift */ = {isa = PBXFileReference; lastKnownFileType = sourcecode.swift; path = PhotoCollectionController.swift; sourceTree = "<group>"; };
		F0D82EE125853E610023A3FE /* PhotoCollectionCell.swift */ = {isa = PBXFileReference; lastKnownFileType = sourcecode.swift; path = PhotoCollectionCell.swift; sourceTree = "<group>"; };
		F0E8EEF525E922A3008B230F /* APIResponse.swift */ = {isa = PBXFileReference; lastKnownFileType = sourcecode.swift; path = APIResponse.swift; sourceTree = "<group>"; };
		F0E8EEF825E92623008B230F /* DatabaseUser.swift */ = {isa = PBXFileReference; lastKnownFileType = sourcecode.swift; path = DatabaseUser.swift; sourceTree = "<group>"; };
		F0E8EEFD25E93C47008B230F /* DatabaseGroup.swift */ = {isa = PBXFileReference; lastKnownFileType = sourcecode.swift; path = DatabaseGroup.swift; sourceTree = "<group>"; };
/* End PBXFileReference section */

/* Begin PBXFrameworksBuildPhase section */
		F059E2A925793EB30041282B /* Frameworks */ = {
			isa = PBXFrameworksBuildPhase;
			buildActionMask = 2147483647;
			files = (
				F0AE4C9925DC3ABE00472D23 /* RealmSwift in Frameworks */,
				F0AE4C9725DC3ABE00472D23 /* Realm in Frameworks */,
				DA1B001DF25293DA65A2C83A /* Pods_SocialNetwork.framework in Frameworks */,
			);
			runOnlyForDeploymentPostprocessing = 0;
		};
/* End PBXFrameworksBuildPhase section */

/* Begin PBXGroup section */
		545AF573DF1FF6A8AFCEC778 /* Frameworks */ = {
			isa = PBXGroup;
			children = (
				BC6F2D00797E638E458C15C0 /* Pods_SocialNetwork.framework */,
			);
			name = Frameworks;
			sourceTree = "<group>";
		};
		7D9A55840327571D9922167C /* Pods */ = {
			isa = PBXGroup;
			children = (
				7987D8292285E452A5FA5D30 /* Pods-SocialNetwork.debug.xcconfig */,
				7386F98D7CBD0FD2B50DE5DD /* Pods-SocialNetwork.release.xcconfig */,
			);
			path = Pods;
			sourceTree = "<group>";
		};
		F01F563925852B6C007A6AFA /* FriendsViewController */ = {
			isa = PBXGroup;
			children = (
				F01F563625852B61007A6AFA /* FriendsViewController.swift */,
				F01F563A25852B93007A6AFA /* FriendsTableCell.swift */,
				F0D82EDE25853E3F0023A3FE /* PhotoCollectionController.swift */,
				F0D82EE125853E610023A3FE /* PhotoCollectionCell.swift */,
			);
			path = FriendsViewController;
			sourceTree = "<group>";
		};
		F01F563D25852F48007A6AFA /* GroupViewController */ = {
			isa = PBXGroup;
			children = (
				F01F563E25852F8B007A6AFA /* GroupViewController.swift */,
				F01F564225852FBB007A6AFA /* GroupTableCell.swift */,
				F0C89731258540BA005CA8B7 /* RecommendGroupViewController.swift */,
				F0C89735258540DB005CA8B7 /* RecommendTableCell.swift */,
			);
			path = GroupViewController;
			sourceTree = "<group>";
		};
		F059E2A325793EB30041282B = {
			isa = PBXGroup;
			children = (
				F059E2AE25793EB30041282B /* SocialNetwork */,
				F059E2AD25793EB30041282B /* Products */,
				7D9A55840327571D9922167C /* Pods */,
				545AF573DF1FF6A8AFCEC778 /* Frameworks */,
			);
			sourceTree = "<group>";
		};
		F059E2AD25793EB30041282B /* Products */ = {
			isa = PBXGroup;
			children = (
				F059E2AC25793EB30041282B /* SocialNetwork.app */,
			);
			name = Products;
			sourceTree = "<group>";
		};
		F059E2AE25793EB30041282B /* SocialNetwork */ = {
			isa = PBXGroup;
			children = (
				F0E8EEFB25E93BC9008B230F /* Manager */,
				F0C5F5A925A77F5300038689 /* Model */,
				F07A87542593834600C0FD6A /* NewsController */,
				F0E3C8A8258BD54300319ECF /* CustomLike */,
				F01F563D25852F48007A6AFA /* GroupViewController */,
				F01F563925852B6C007A6AFA /* FriendsViewController */,
				F059E2AF25793EB30041282B /* AppDelegate.swift */,
				F059E2B125793EB30041282B /* SceneDelegate.swift */,
				F059E2B325793EB30041282B /* ViewController.swift */,
				F059E2B525793EB30041282B /* Main.storyboard */,
				F098283625C87D8A00DE0DFD /* WebView.swift */,
				F059E2B825793EB30041282B /* Assets.xcassets */,
				F059E2BA25793EB30041282B /* LaunchScreen.storyboard */,
				F059E2BD25793EB30041282B /* Info.plist */,
			);
			path = SocialNetwork;
			sourceTree = "<group>";
		};
		F07A87542593834600C0FD6A /* NewsController */ = {
			isa = PBXGroup;
			children = (
				F07A87552593838600C0FD6A /* NewsViewController.swift */,
				F07A87592593839D00C0FD6A /* NewsCell.swift */,
				F07A875C25938C3D00C0FD6A /* NewsStruct.swift */,
			);
			path = NewsController;
			sourceTree = "<group>";
		};
		F0C5F5A925A77F5300038689 /* Model */ = {
			isa = PBXGroup;
			children = (
				F0C5F5AA25A77F7500038689 /* User.swift */,
				F0C5F5AE25A77F8300038689 /* Group.swift */,
				F0E8EEF525E922A3008B230F /* APIResponse.swift */,
			);
			path = Model;
			sourceTree = "<group>";
		};
		F0E3C8A8258BD54300319ECF /* CustomLike */ = {
			isa = PBXGroup;
			children = (
			);
			path = CustomLike;
			sourceTree = "<group>";
		};
		F0E8EEFB25E93BC9008B230F /* Manager */ = {
			isa = PBXGroup;
			children = (
				F09F382825CD850F001C9A55 /* NetworkManager.swift */,
				F0E8EEF825E92623008B230F /* DatabaseUser.swift */,
				F0E8EEFD25E93C47008B230F /* DatabaseGroup.swift */,
				F04B97BA25C43DB8002282D9 /* Session.swift */,
			);
			path = Manager;
			sourceTree = "<group>";
		};
/* End PBXGroup section */

/* Begin PBXNativeTarget section */
		F059E2AB25793EB30041282B /* SocialNetwork */ = {
			isa = PBXNativeTarget;
			buildConfigurationList = F059E2C025793EB30041282B /* Build configuration list for PBXNativeTarget "SocialNetwork" */;
			buildPhases = (
				C1932CC7A96607B2A92507BD /* [CP] Check Pods Manifest.lock */,
				F059E2A825793EB30041282B /* Sources */,
				F059E2A925793EB30041282B /* Frameworks */,
				F059E2AA25793EB30041282B /* Resources */,
				48C81AC86174827F7760DF04 /* [CP] Embed Pods Frameworks */,
			);
			buildRules = (
			);
			dependencies = (
			);
			name = SocialNetwork;
			packageProductDependencies = (
				F0AE4C9625DC3ABE00472D23 /* Realm */,
				F0AE4C9825DC3ABE00472D23 /* RealmSwift */,
			);
			productName = SocialNetwork;
			productReference = F059E2AC25793EB30041282B /* SocialNetwork.app */;
			productType = "com.apple.product-type.application";
		};
/* End PBXNativeTarget section */

/* Begin PBXProject section */
		F059E2A425793EB30041282B /* Project object */ = {
			isa = PBXProject;
			attributes = {
				LastSwiftUpdateCheck = 1220;
				LastUpgradeCheck = 1220;
				TargetAttributes = {
					F059E2AB25793EB30041282B = {
						CreatedOnToolsVersion = 12.2;
					};
				};
			};
			buildConfigurationList = F059E2A725793EB30041282B /* Build configuration list for PBXProject "SocialNetwork" */;
			compatibilityVersion = "Xcode 9.3";
			developmentRegion = en;
			hasScannedForEncodings = 0;
			knownRegions = (
				en,
				Base,
			);
			mainGroup = F059E2A325793EB30041282B;
			packageReferences = (
				F0AE4C9525DC3ABE00472D23 /* XCRemoteSwiftPackageReference "realm-cocoa" */,
			);
			productRefGroup = F059E2AD25793EB30041282B /* Products */;
			projectDirPath = "";
			projectRoot = "";
			targets = (
				F059E2AB25793EB30041282B /* SocialNetwork */,
			);
		};
/* End PBXProject section */

/* Begin PBXResourcesBuildPhase section */
		F059E2AA25793EB30041282B /* Resources */ = {
			isa = PBXResourcesBuildPhase;
			buildActionMask = 2147483647;
			files = (
				F059E2BC25793EB30041282B /* LaunchScreen.storyboard in Resources */,
				F059E2B925793EB30041282B /* Assets.xcassets in Resources */,
				F059E2B725793EB30041282B /* Main.storyboard in Resources */,
			);
			runOnlyForDeploymentPostprocessing = 0;
		};
/* End PBXResourcesBuildPhase section */

/* Begin PBXShellScriptBuildPhase section */
		48C81AC86174827F7760DF04 /* [CP] Embed Pods Frameworks */ = {
			isa = PBXShellScriptBuildPhase;
			buildActionMask = 2147483647;
			files = (
			);
			inputFileListPaths = (
				"${PODS_ROOT}/Target Support Files/Pods-SocialNetwork/Pods-SocialNetwork-frameworks-${CONFIGURATION}-input-files.xcfilelist",
			);
			name = "[CP] Embed Pods Frameworks";
			outputFileListPaths = (
				"${PODS_ROOT}/Target Support Files/Pods-SocialNetwork/Pods-SocialNetwork-frameworks-${CONFIGURATION}-output-files.xcfilelist",
			);
			runOnlyForDeploymentPostprocessing = 0;
			shellPath = /bin/sh;
			shellScript = "\"${PODS_ROOT}/Target Support Files/Pods-SocialNetwork/Pods-SocialNetwork-frameworks.sh\"\n";
			showEnvVarsInLog = 0;
		};
		C1932CC7A96607B2A92507BD /* [CP] Check Pods Manifest.lock */ = {
			isa = PBXShellScriptBuildPhase;
			buildActionMask = 2147483647;
			files = (
			);
			inputFileListPaths = (
			);
			inputPaths = (
				"${PODS_PODFILE_DIR_PATH}/Podfile.lock",
				"${PODS_ROOT}/Manifest.lock",
			);
			name = "[CP] Check Pods Manifest.lock";
			outputFileListPaths = (
			);
			outputPaths = (
				"$(DERIVED_FILE_DIR)/Pods-SocialNetwork-checkManifestLockResult.txt",
			);
			runOnlyForDeploymentPostprocessing = 0;
			shellPath = /bin/sh;
			shellScript = "diff \"${PODS_PODFILE_DIR_PATH}/Podfile.lock\" \"${PODS_ROOT}/Manifest.lock\" > /dev/null\nif [ $? != 0 ] ; then\n    # print error to STDERR\n    echo \"error: The sandbox is not in sync with the Podfile.lock. Run 'pod install' or update your CocoaPods installation.\" >&2\n    exit 1\nfi\n# This output is used by Xcode 'outputs' to avoid re-running this script phase.\necho \"SUCCESS\" > \"${SCRIPT_OUTPUT_FILE_0}\"\n";
			showEnvVarsInLog = 0;
		};
/* End PBXShellScriptBuildPhase section */

/* Begin PBXSourcesBuildPhase section */
		F059E2A825793EB30041282B /* Sources */ = {
			isa = PBXSourcesBuildPhase;
			buildActionMask = 2147483647;
			files = (
				F09F382925CD850F001C9A55 /* NetworkManager.swift in Sources */,
				F07A875D25938C3D00C0FD6A /* NewsStruct.swift in Sources */,
				F04B97BB25C43DB8002282D9 /* Session.swift in Sources */,
				F01F563F25852F8B007A6AFA /* GroupViewController.swift in Sources */,
				F01F564325852FBB007A6AFA /* GroupTableCell.swift in Sources */,
				F0C5F5AF25A77F8300038689 /* Group.swift in Sources */,
				F01F563725852B61007A6AFA /* FriendsViewController.swift in Sources */,
				F07A87562593838600C0FD6A /* NewsViewController.swift in Sources */,
				F0E8EEFE25E93C47008B230F /* DatabaseGroup.swift in Sources */,
				F0D82EE225853E610023A3FE /* PhotoCollectionCell.swift in Sources */,
				F01F563B25852B93007A6AFA /* FriendsTableCell.swift in Sources */,
				F0D82EDF25853E3F0023A3FE /* PhotoCollectionController.swift in Sources */,
				F0C5F5AB25A77F7500038689 /* User.swift in Sources */,
				F0E8EEF925E92623008B230F /* DatabaseUser.swift in Sources */,
				F059E2B425793EB30041282B /* ViewController.swift in Sources */,
				F0E8EEF625E922A3008B230F /* APIResponse.swift in Sources */,
				F0C89732258540BA005CA8B7 /* RecommendGroupViewController.swift in Sources */,
				F0C89736258540DB005CA8B7 /* RecommendTableCell.swift in Sources */,
				F059E2B025793EB30041282B /* AppDelegate.swift in Sources */,
				F098283725C87D8A00DE0DFD /* WebView.swift in Sources */,
				F07A875A2593839D00C0FD6A /* NewsCell.swift in Sources */,
				F059E2B225793EB30041282B /* SceneDelegate.swift in Sources */,
			);
			runOnlyForDeploymentPostprocessing = 0;
		};
/* End PBXSourcesBuildPhase section */

/* Begin PBXVariantGroup section */
		F059E2B525793EB30041282B /* Main.storyboard */ = {
			isa = PBXVariantGroup;
			children = (
				F059E2B625793EB30041282B /* Base */,
			);
			name = Main.storyboard;
			sourceTree = "<group>";
		};
		F059E2BA25793EB30041282B /* LaunchScreen.storyboard */ = {
			isa = PBXVariantGroup;
			children = (
				F059E2BB25793EB30041282B /* Base */,
			);
			name = LaunchScreen.storyboard;
			sourceTree = "<group>";
		};
/* End PBXVariantGroup section */

/* Begin XCBuildConfiguration section */
		F059E2BE25793EB30041282B /* Debug */ = {
			isa = XCBuildConfiguration;
			buildSettings = {
				ALWAYS_SEARCH_USER_PATHS = NO;
				CLANG_ANALYZER_NONNULL = YES;
				CLANG_ANALYZER_NUMBER_OBJECT_CONVERSION = YES_AGGRESSIVE;
				CLANG_CXX_LANGUAGE_STANDARD = "gnu++14";
				CLANG_CXX_LIBRARY = "libc++";
				CLANG_ENABLE_MODULES = YES;
				CLANG_ENABLE_OBJC_ARC = YES;
				CLANG_ENABLE_OBJC_WEAK = YES;
				CLANG_WARN_BLOCK_CAPTURE_AUTORELEASING = YES;
				CLANG_WARN_BOOL_CONVERSION = YES;
				CLANG_WARN_COMMA = YES;
				CLANG_WARN_CONSTANT_CONVERSION = YES;
				CLANG_WARN_DEPRECATED_OBJC_IMPLEMENTATIONS = YES;
				CLANG_WARN_DIRECT_OBJC_ISA_USAGE = YES_ERROR;
				CLANG_WARN_DOCUMENTATION_COMMENTS = YES;
				CLANG_WARN_EMPTY_BODY = YES;
				CLANG_WARN_ENUM_CONVERSION = YES;
				CLANG_WARN_INFINITE_RECURSION = YES;
				CLANG_WARN_INT_CONVERSION = YES;
				CLANG_WARN_NON_LITERAL_NULL_CONVERSION = YES;
				CLANG_WARN_OBJC_IMPLICIT_RETAIN_SELF = YES;
				CLANG_WARN_OBJC_LITERAL_CONVERSION = YES;
				CLANG_WARN_OBJC_ROOT_CLASS = YES_ERROR;
				CLANG_WARN_QUOTED_INCLUDE_IN_FRAMEWORK_HEADER = YES;
				CLANG_WARN_RANGE_LOOP_ANALYSIS = YES;
				CLANG_WARN_STRICT_PROTOTYPES = YES;
				CLANG_WARN_SUSPICIOUS_MOVE = YES;
				CLANG_WARN_UNGUARDED_AVAILABILITY = YES_AGGRESSIVE;
				CLANG_WARN_UNREACHABLE_CODE = YES;
				CLANG_WARN__DUPLICATE_METHOD_MATCH = YES;
				COPY_PHASE_STRIP = NO;
				DEBUG_INFORMATION_FORMAT = dwarf;
				ENABLE_STRICT_OBJC_MSGSEND = YES;
				ENABLE_TESTABILITY = YES;
				GCC_C_LANGUAGE_STANDARD = gnu11;
				GCC_DYNAMIC_NO_PIC = NO;
				GCC_NO_COMMON_BLOCKS = YES;
				GCC_OPTIMIZATION_LEVEL = 0;
				GCC_PREPROCESSOR_DEFINITIONS = (
					"DEBUG=1",
					"$(inherited)",
				);
				GCC_WARN_64_TO_32_BIT_CONVERSION = YES;
				GCC_WARN_ABOUT_RETURN_TYPE = YES_ERROR;
				GCC_WARN_UNDECLARED_SELECTOR = YES;
				GCC_WARN_UNINITIALIZED_AUTOS = YES_AGGRESSIVE;
				GCC_WARN_UNUSED_FUNCTION = YES;
				GCC_WARN_UNUSED_VARIABLE = YES;
				IPHONEOS_DEPLOYMENT_TARGET = 14.2;
				MTL_ENABLE_DEBUG_INFO = INCLUDE_SOURCE;
				MTL_FAST_MATH = YES;
				ONLY_ACTIVE_ARCH = YES;
				SDKROOT = iphoneos;
				SWIFT_ACTIVE_COMPILATION_CONDITIONS = DEBUG;
				SWIFT_OPTIMIZATION_LEVEL = "-Onone";
			};
			name = Debug;
		};
		F059E2BF25793EB30041282B /* Release */ = {
			isa = XCBuildConfiguration;
			buildSettings = {
				ALWAYS_SEARCH_USER_PATHS = NO;
				CLANG_ANALYZER_NONNULL = YES;
				CLANG_ANALYZER_NUMBER_OBJECT_CONVERSION = YES_AGGRESSIVE;
				CLANG_CXX_LANGUAGE_STANDARD = "gnu++14";
				CLANG_CXX_LIBRARY = "libc++";
				CLANG_ENABLE_MODULES = YES;
				CLANG_ENABLE_OBJC_ARC = YES;
				CLANG_ENABLE_OBJC_WEAK = YES;
				CLANG_WARN_BLOCK_CAPTURE_AUTORELEASING = YES;
				CLANG_WARN_BOOL_CONVERSION = YES;
				CLANG_WARN_COMMA = YES;
				CLANG_WARN_CONSTANT_CONVERSION = YES;
				CLANG_WARN_DEPRECATED_OBJC_IMPLEMENTATIONS = YES;
				CLANG_WARN_DIRECT_OBJC_ISA_USAGE = YES_ERROR;
				CLANG_WARN_DOCUMENTATION_COMMENTS = YES;
				CLANG_WARN_EMPTY_BODY = YES;
				CLANG_WARN_ENUM_CONVERSION = YES;
				CLANG_WARN_INFINITE_RECURSION = YES;
				CLANG_WARN_INT_CONVERSION = YES;
				CLANG_WARN_NON_LITERAL_NULL_CONVERSION = YES;
				CLANG_WARN_OBJC_IMPLICIT_RETAIN_SELF = YES;
				CLANG_WARN_OBJC_LITERAL_CONVERSION = YES;
				CLANG_WARN_OBJC_ROOT_CLASS = YES_ERROR;
				CLANG_WARN_QUOTED_INCLUDE_IN_FRAMEWORK_HEADER = YES;
				CLANG_WARN_RANGE_LOOP_ANALYSIS = YES;
				CLANG_WARN_STRICT_PROTOTYPES = YES;
				CLANG_WARN_SUSPICIOUS_MOVE = YES;
				CLANG_WARN_UNGUARDED_AVAILABILITY = YES_AGGRESSIVE;
				CLANG_WARN_UNREACHABLE_CODE = YES;
				CLANG_WARN__DUPLICATE_METHOD_MATCH = YES;
				COPY_PHASE_STRIP = NO;
				DEBUG_INFORMATION_FORMAT = "dwarf-with-dsym";
				ENABLE_NS_ASSERTIONS = NO;
				ENABLE_STRICT_OBJC_MSGSEND = YES;
				GCC_C_LANGUAGE_STANDARD = gnu11;
				GCC_NO_COMMON_BLOCKS = YES;
				GCC_WARN_64_TO_32_BIT_CONVERSION = YES;
				GCC_WARN_ABOUT_RETURN_TYPE = YES_ERROR;
				GCC_WARN_UNDECLARED_SELECTOR = YES;
				GCC_WARN_UNINITIALIZED_AUTOS = YES_AGGRESSIVE;
				GCC_WARN_UNUSED_FUNCTION = YES;
				GCC_WARN_UNUSED_VARIABLE = YES;
				IPHONEOS_DEPLOYMENT_TARGET = 14.2;
				MTL_ENABLE_DEBUG_INFO = NO;
				MTL_FAST_MATH = YES;
				SDKROOT = iphoneos;
				SWIFT_COMPILATION_MODE = wholemodule;
				SWIFT_OPTIMIZATION_LEVEL = "-O";
				VALIDATE_PRODUCT = YES;
			};
			name = Release;
		};
		F059E2C125793EB30041282B /* Debug */ = {
			isa = XCBuildConfiguration;
			baseConfigurationReference = 7987D8292285E452A5FA5D30 /* Pods-SocialNetwork.debug.xcconfig */;
			buildSettings = {
				ASSETCATALOG_COMPILER_APPICON_NAME = AppIcon;
				ASSETCATALOG_COMPILER_GLOBAL_ACCENT_COLOR_NAME = AccentColor;
				CODE_SIGN_STYLE = Automatic;
				DEVELOPMENT_TEAM = N687FDS36U;
				INFOPLIST_FILE = SocialNetwork/Info.plist;
				LD_RUNPATH_SEARCH_PATHS = (
					"$(inherited)",
					"@executable_path/Frameworks",
				);
				PRODUCT_BUNDLE_IDENTIFIER = sayjiep.SocialNetwork;
				PRODUCT_NAME = "$(TARGET_NAME)";
				SWIFT_VERSION = 5.0;
				TARGETED_DEVICE_FAMILY = "1,2";
			};
			name = Debug;
		};
		F059E2C225793EB30041282B /* Release */ = {
			isa = XCBuildConfiguration;
			baseConfigurationReference = 7386F98D7CBD0FD2B50DE5DD /* Pods-SocialNetwork.release.xcconfig */;
			buildSettings = {
				ASSETCATALOG_COMPILER_APPICON_NAME = AppIcon;
				ASSETCATALOG_COMPILER_GLOBAL_ACCENT_COLOR_NAME = AccentColor;
				CODE_SIGN_STYLE = Automatic;
				DEVELOPMENT_TEAM = N687FDS36U;
				INFOPLIST_FILE = SocialNetwork/Info.plist;
				LD_RUNPATH_SEARCH_PATHS = (
					"$(inherited)",
					"@executable_path/Frameworks",
				);
				PRODUCT_BUNDLE_IDENTIFIER = sayjiep.SocialNetwork;
				PRODUCT_NAME = "$(TARGET_NAME)";
				SWIFT_VERSION = 5.0;
				TARGETED_DEVICE_FAMILY = "1,2";
			};
			name = Release;
		};
/* End XCBuildConfiguration section */

/* Begin XCConfigurationList section */
		F059E2A725793EB30041282B /* Build configuration list for PBXProject "SocialNetwork" */ = {
			isa = XCConfigurationList;
			buildConfigurations = (
				F059E2BE25793EB30041282B /* Debug */,
				F059E2BF25793EB30041282B /* Release */,
			);
			defaultConfigurationIsVisible = 0;
			defaultConfigurationName = Release;
		};
		F059E2C025793EB30041282B /* Build configuration list for PBXNativeTarget "SocialNetwork" */ = {
			isa = XCConfigurationList;
			buildConfigurations = (
				F059E2C125793EB30041282B /* Debug */,
				F059E2C225793EB30041282B /* Release */,
			);
			defaultConfigurationIsVisible = 0;
			defaultConfigurationName = Release;
		};
/* End XCConfigurationList section */

/* Begin XCRemoteSwiftPackageReference section */
		F0AE4C9525DC3ABE00472D23 /* XCRemoteSwiftPackageReference "realm-cocoa" */ = {
			isa = XCRemoteSwiftPackageReference;
			repositoryURL = "https://github.com/realm/realm-cocoa.git";
			requirement = {
				kind = upToNextMajorVersion;
				minimumVersion = 10.6.0;
			};
		};
/* End XCRemoteSwiftPackageReference section */

/* Begin XCSwiftPackageProductDependency section */
		F0AE4C9625DC3ABE00472D23 /* Realm */ = {
			isa = XCSwiftPackageProductDependency;
			package = F0AE4C9525DC3ABE00472D23 /* XCRemoteSwiftPackageReference "realm-cocoa" */;
			productName = Realm;
		};
		F0AE4C9825DC3ABE00472D23 /* RealmSwift */ = {
			isa = XCSwiftPackageProductDependency;
			package = F0AE4C9525DC3ABE00472D23 /* XCRemoteSwiftPackageReference "realm-cocoa" */;
			productName = RealmSwift;
		};
/* End XCSwiftPackageProductDependency section */
	};
	rootObject = F059E2A425793EB30041282B /* Project object */;
}
